{
  "name": "vio",
  "version": "1.4.0",
  "lockfileVersion": 3,
  "requires": true,
  "packages": {
    "": {
      "name": "vio",
      "version": "1.4.0",
      "dependencies": {
        "@capacitor/android": "^7.4.0",
        "@capacitor/cli": "^7.4.0",
        "@capacitor/core": "^7.4.0",
        "@supabase/supabase-js": "^2.109.0",
        "lucide-react": "^0.395.0",
        "react": "^18.3.1",
        "react-dom": "^18.3.1",
        "zustand": "^5.0.9"
      },
      "devDependencies": {
        "@types/react": "^18.3.3",
        "@types/react-dom": "^18.3.0",
        "@vitejs/plugin-react": "^4.3.1",
        "autoprefixer": "^10.4.19",
        "postcss": "^8.4.39",
        "tailwindcss": "^3.4.4",
        "vite": "^5.3.3"
      }
    }
  }
}